generated_at: "2026-04-08T01:31:24Z"
dependencies:
    - name: github.com/github/awesome-copilot/skills/java-docs
      version: 70701b2b542c
      git_tag: main
      repo_url: https://github.com/github/awesome-copilot
      subdir: skills/java-docs
      entrypoint: SKILL.md
      tree_hash: sha256:38b6f5f2ab565089cbc99b37b867f1e017baeebe34edee5bc0b57dc2fdeff16f
      files:
        - SKILL.md
    - name: github.com/github/awesome-copilot/skills/java-junit
      version: 70701b2b542c
      git_tag: main
      repo_url: https://github.com/github/awesome-copilot
      subdir: skills/java-junit
      entrypoint: SKILL.md
      tree_hash: sha256:75a0a7cc579f2a06bdbfbe8ad22bc0ba770fcb73155cdac2892d112e5034b7e1
      files:
        - SKILL.md
    - name: github.com/github/awesome-copilot/skills/java-springboot
      version: 70701b2b542c
      git_tag: main
      repo_url: https://github.com/github/awesome-copilot
      subdir: skills/java-springboot
      entrypoint: SKILL.md
      tree_hash: sha256:c9d661d55521e6e7fc578d92c2edc06c7966932a04464d01cf34bf6af700e055
      files:
        - SKILL.md
